{
  "pins" : [
    {
      "identity" : "sdwebimage",
      "kind" : "remoteSourceControl",
      "location" : "https://github.com/SDWebImage/SDWebImage.git",
      "state" : {
        "branch" : "master",
        "revision" : "6f8121c604ce580c5968f117f8829ef0a83d3071"
      }
    }
  ],
  "version" : 2
}
